// !$*UTF8*$!
{
	archiveVersion = 1;
	classes = {
	};
	objectVersion = 46;
	objects = {

/* Begin PBXBuildFile section */
		1902738A1D3F51F100A6E984 /* AppDelegate.swift in Sources */ = {isa = PBXBuildFile; fileRef = 190273891D3F51F100A6E984 /* AppDelegate.swift */; };
		1902738C1D3F51F100A6E984 /* ViewController.swift in Sources */ = {isa = PBXBuildFile; fileRef = 1902738B1D3F51F100A6E984 /* ViewController.swift */; };
		1902738F1D3F51F100A6E984 /* Main.storyboard in Resources */ = {isa = PBXBuildFile; fileRef = 1902738D1D3F51F100A6E984 /* Main.storyboard */; };
		190273911D3F51F100A6E984 /* Assets.xcassets in Resources */ = {isa = PBXBuildFile; fileRef = 190273901D3F51F100A6E984 /* Assets.xcassets */; };
		190273941D3F51F100A6E984 /* LaunchScreen.storyboard in Resources */ = {isa = PBXBuildFile; fileRef = 190273921D3F51F100A6E984 /* LaunchScreen.storyboard */; };
		1902739F1D3F51F100A6E984 /* sampleSwitchTests.swift in Sources */ = {isa = PBXBuildFile; fileRef = 1902739E1D3F51F100A6E984 /* sampleSwitchTests.swift */; };
		190273AA1D3F51F100A6E984 /* sampleSwitchUITests.swift in Sources */ = {isa = PBXBuildFile; fileRef = 190273A91D3F51F100A6E984 /* sampleSwitchUITests.swift */; };
/* End PBXBuildFile section */

/* Begin PBXContainerItemProxy section */
		1902739B1D3F51F100A6E984 /* PBXContainerItemProxy */ = {
			isa = PBXContainerItemProxy;
			containerPortal = 1902737E1D3F51F100A6E984 /* Project object */;
			proxyType = 1;
			remoteGlobalIDString = 190273851D3F51F100A6E984;
			remoteInfo = sampleSwitch;
		};
		190273A61D3F51F100A6E984 /* PBXContainerItemProxy */ = {
			isa = PBXContainerItemProxy;
			containerPortal = 1902737E1D3F51F100A6E984 /* Project object */;
			proxyType = 1;
			remoteGlobalIDString = 190273851D3F51F100A6E984;
			remoteInfo = sampleSwitch;
		};
/* End PBXContainerItemProxy section */

/* Begin PBXFileReference section */
		190273861D3F51F100A6E984 /* sampleSwitch.app */ = {isa = PBXFileReference; explicitFileType = wrapper.application; includeInIndex = 0; path = sampleSwitch.app; sourceTree = BUILT_PRODUCTS_DIR; };
		190273891D3F51F100A6E984 /* AppDelegate.swift */ = {isa = PBXFileReference; lastKnownFileType = sourcecode.swift; path = AppDelegate.swift; sourceTree = "<group>"; };
		1902738B1D3F51F100A6E984 /* ViewController.swift */ = {isa = PBXFileReference; lastKnownFileType = sourcecode.swift; path = ViewController.swift; sourceTree = "<group>"; };
		1902738E1D3F51F100A6E984 /* Base */ = {isa = PBXFileReference; lastKnownFileType = file.storyboard; name = Base; path = Base.lproj/Main.storyboard; sourceTree = "<group>"; };
		190273901D3F51F100A6E984 /* Assets.xcassets */ = {isa = PBXFileReference; lastKnownFileType = folder.assetcatalog; path = Assets.xcassets; sourceTree = "<group>"; };
		190273931D3F51F100A6E984 /* Base */ = {isa = PBXFileReference; lastKnownFileType = file.storyboard; name = Base; path = Base.lproj/LaunchScreen.storyboard; sourceTree = "<group>"; };
		190273951D3F51F100A6E984 /* Info.plist */ = {isa = PBXFileReference; lastKnownFileType = text.plist.xml; path = Info.plist; sourceTree = "<group>"; };
		1902739A1D3F51F100A6E984 /* sampleSwitchTests.xctest */ = {isa = PBXFileReference; explicitFileType = wrapper.cfbundle; includeInIndex = 0; path = sampleSwitchTests.xctest; sourceTree = BUILT_PRODUCTS_DIR; };
		1902739E1D3F51F100A6E984 /* sampleSwitchTests.swift */ = {isa = PBXFileReference; lastKnownFileType = sourcecode.swift; path = sampleSwitchTests.swift; sourceTree = "<group>"; };
		190273A01D3F51F100A6E984 /* Info.plist */ = {isa = PBXFileReference; lastKnownFileType = text.plist.xml; path = Info.plist; sourceTree = "<group>"; };
		190273A51D3F51F100A6E984 /* sampleSwitchUITests.xctest */ = {isa = PBXFileReference; explicitFileType = wrapper.cfbundle; includeInIndex = 0; path = sampleSwitchUITests.xctest; sourceTree = BUILT_PRODUCTS_DIR; };
		190273A91D3F51F100A6E984 /* sampleSwitchUITests.swift */ = {isa = PBXFileReference; lastKnownFileType = sourcecode.swift; path = sampleSwitchUITests.swift; sourceTree = "<group>"; };
		190273AB1D3F51F100A6E984 /* Info.plist */ = {isa = PBXFileReference; lastKnownFileType = text.plist.xml; path = Info.plist; sourceTree = "<group>"; };
/* End PBXFileReference section */

/* Begin PBXFrameworksBuildPhase section */
		190273831D3F51F100A6E984 /* Frameworks */ = {
			isa = PBXFrameworksBuildPhase;
			buildActionMask = 2147483647;
			files = (
			);
			runOnlyForDeploymentPostprocessing = 0;
		};
		190273971D3F51F100A6E984 /* Frameworks */ = {
			isa = PBXFrameworksBuildPhase;
			buildActionMask = 2147483647;
			files = (
			);
			runOnlyForDeploymentPostprocessing = 0;
		};
		190273A21D3F51F100A6E984 /* Frameworks */ = {
			isa = PBXFrameworksBuildPhase;
			buildActionMask = 2147483647;
			files = (
			);
			runOnlyForDeploymentPostprocessing = 0;
		};
/* End PBXFrameworksBuildPhase section */

/* Begin PBXGroup section */
		1902737D1D3F51F100A6E984 = {
			isa = PBXGroup;
			children = (
				190273881D3F51F100A6E984 /* sampleSwitch */,
				1902739D1D3F51F100A6E984 /* sampleSwitchTests */,
				190273A81D3F51F100A6E984 /* sampleSwitchUITests */,
				190273871D3F51F100A6E984 /* Products */,
			);
			sourceTree = "<group>";
		};
		190273871D3F51F100A6E984 /* Products */ = {
			isa = PBXGroup;
			children = (
				190273861D3F51F100A6E984 /* sampleSwitch.app */,
				1902739A1D3F51F100A6E984 /* sampleSwitchTests.xctest */,
				190273A51D3F51F100A6E984 /* sampleSwitchUITests.xctest */,
			);
			name = Products;
			sourceTree = "<group>";
		};
		190273881D3F51F100A6E984 /* sampleSwitch */ = {
			isa = PBXGroup;
			children = (
				190273891D3F51F100A6E984 /* AppDelegate.swift */,
				1902738B1D3F51F100A6E984 /* ViewController.swift */,
				1902738D1D3F51F100A6E984 /* Main.storyboard */,
				190273901D3F51F100A6E984 /* Assets.xcassets */,
				190273921D3F51F100A6E984 /* LaunchScreen.storyboard */,
				190273951D3F51F100A6E984 /* Info.plist */,
			);
			path = sampleSwitch;
			sourceTree = "<group>";
		};
		1902739D1D3F51F100A6E984 /* sampleSwitchTests */ = {
			isa = PBXGroup;
			children = (
				1902739E1D3F51F100A6E984 /* sampleSwitchTests.swift */,
				190273A01D3F51F100A6E984 /* Info.plist */,
			);
			path = sampleSwitchTests;
			sourceTree = "<group>";
		};
		190273A81D3F51F100A6E984 /* sampleSwitchUITests */ = {
			isa = PBXGroup;
			children = (
				190273A91D3F51F100A6E984 /* sampleSwitchUITests.swift */,
				190273AB1D3F51F100A6E984 /* Info.plist */,
			);
			path = sampleSwitchUITests;
			sourceTree = "<group>";
		};
/* End PBXGroup section */

/* Begin PBXNativeTarget section */
		190273851D3F51F100A6E984 /* sampleSwitch */ = {
			isa = PBXNativeTarget;
			buildConfigurationList = 190273AE1D3F51F100A6E984 /* Build configuration list for PBXNativeTarget "sampleSwitch" */;
			buildPhases = (
				190273821D3F51F100A6E984 /* Sources */,
				190273831D3F51F100A6E984 /* Frameworks */,
				190273841D3F51F100A6E984 /* Resources */,
			);
			buildRules = (
			);
			dependencies = (
			);
			name = sampleSwitch;
			productName = sampleSwitch;
			productReference = 190273861D3F51F100A6E984 /* sampleSwitch.app */;
			productType = "com.apple.product-type.application";
		};
		190273991D3F51F100A6E984 /* sampleSwitchTests */ = {
			isa = PBXNativeTarget;
			buildConfigurationList = 190273B11D3F51F100A6E984 /* Build configuration list for PBXNativeTarget "sampleSwitchTests" */;
			buildPhases = (
				190273961D3F51F100A6E984 /* Sources */,
				190273971D3F51F100A6E984 /* Frameworks */,
				190273981D3F51F100A6E984 /* Resources */,
			);
			buildRules = (
			);
			dependencies = (
				1902739C1D3F51F100A6E984 /* PBXTargetDependency */,
			);
			name = sampleSwitchTests;
			productName = sampleSwitchTests;
			productReference = 1902739A1D3F51F100A6E984 /* sampleSwitchTests.xctest */;
			productType = "com.apple.product-type.bundle.unit-test";
		};
		190273A41D3F51F100A6E984 /* sampleSwitchUITests */ = {
			isa = PBXNativeTarget;
			buildConfigurationList = 190273B41D3F51F100A6E984 /* Build configuration list for PBXNativeTarget "sampleSwitchUITests" */;
			buildPhases = (
				190273A11D3F51F100A6E984 /* Sources */,
				190273A21D3F51F100A6E984 /* Frameworks */,
				190273A31D3F51F100A6E984 /* Resources */,
			);
			buildRules = (
			);
			dependencies = (
				190273A71D3F51F100A6E984 /* PBXTargetDependency */,
			);
			name = sampleSwitchUITests;
			productName = sampleSwitchUITests;
			productReference = 190273A51D3F51F100A6E984 /* sampleSwitchUITests.xctest */;
			productType = "com.apple.product-type.bundle.ui-testing";
		};
/* End PBXNativeTarget section */

/* Begin PBXProject section */
		1902737E1D3F51F100A6E984 /* Project object */ = {
			isa = PBXProject;
			attributes = {
				LastSwiftUpdateCheck = 0730;
				LastUpgradeCheck = 0730;
				ORGANIZATIONNAME = "Eriko Ichinohe";
				TargetAttributes = {
					190273851D3F51F100A6E984 = {
						CreatedOnToolsVersion = 7.3.1;
					};
					190273991D3F51F100A6E984 = {
						CreatedOnToolsVersion = 7.3.1;
						TestTargetID = 190273851D3F51F100A6E984;
					};
					190273A41D3F51F100A6E984 = {
						CreatedOnToolsVersion = 7.3.1;
						TestTargetID = 190273851D3F51F100A6E984;
					};
				};
			};
			buildConfigurationList = 190273811D3F51F100A6E984 /* Build configuration list for PBXProject "sampleSwitch" */;
			compatibilityVersion = "Xcode 3.2";
			developmentRegion = English;
			hasScannedForEncodings = 0;
			knownRegions = (
				en,
				Base,
			);
			mainGroup = 1902737D1D3F51F100A6E984;
			productRefGroup = 190273871D3F51F100A6E984 /* Products */;
			projectDirPath = "";
			projectRoot = "";
			targets = (
				190273851D3F51F100A6E984 /* sampleSwitch */,
				190273991D3F51F100A6E984 /* sampleSwitchTests */,
				190273A41D3F51F100A6E984 /* sampleSwitchUITests */,
			);
		};
/* End PBXProject section */

/* Begin PBXResourcesBuildPhase section */
		190273841D3F51F100A6E984 /* Resources */ = {
			isa = PBXResourcesBuildPhase;
			buildActionMask = 2147483647;
			files = (
				190273941D3F51F100A6E984 /* LaunchScreen.storyboard in Resources */,
				190273911D3F51F100A6E984 /* Assets.xcassets in Resources */,
				1902738F1D3F51F100A6E984 /* Main.storyboard in Resources */,
			);
			runOnlyForDeploymentPostprocessing = 0;
		};
		190273981D3F51F100A6E984 /* Resources */ = {
			isa = PBXResourcesBuildPhase;
			buildActionMask = 2147483647;
			files = (
			);
			runOnlyForDeploymentPostprocessing = 0;
		};
		190273A31D3F51F100A6E984 /* Resources */ = {
			isa = PBXResourcesBuildPhase;
			buildActionMask = 2147483647;
			files = (
			);
			runOnlyForDeploymentPostprocessing = 0;
		};
/* End PBXResourcesBuildPhase section */

/* Begin PBXSourcesBuildPhase section */
		190273821D3F51F100A6E984 /* Sources */ = {
			isa = PBXSourcesBuildPhase;
			buildActionMask = 2147483647;
			files = (
				1902738C1D3F51F100A6E984 /* ViewController.swift in Sources */,
				1902738A1D3F51F100A6E984 /* AppDelegate.swift in Sources */,
			);
			runOnlyForDeploymentPostprocessing = 0;
		};
		190273961D3F51F100A6E984 /* Sources */ = {
			isa = PBXSourcesBuildPhase;
			buildActionMask = 2147483647;
			files = (
				1902739F1D3F51F100A6E984 /* sampleSwitchTests.swift in Sources */,
			);
			runOnlyForDeploymentPostprocessing = 0;
		};
		190273A11D3F51F100A6E984 /* Sources */ = {
			isa = PBXSourcesBuildPhase;
			buildActionMask = 2147483647;
			files = (
				190273AA1D3F51F100A6E984 /* sampleSwitchUITests.swift in Sources */,
			);
			runOnlyForDeploymentPostprocessing = 0;
		};
/* End PBXSourcesBuildPhase section */

/* Begin PBXTargetDependency section */
		1902739C1D3F51F100A6E984 /* PBXTargetDependency */ = {
			isa = PBXTargetDependency;
			target = 190273851D3F51F100A6E984 /* sampleSwitch */;
			targetProxy = 1902739B1D3F51F100A6E984 /* PBXContainerItemProxy */;
		};
		190273A71D3F51F100A6E984 /* PBXTargetDependency */ = {
			isa = PBXTargetDependency;
			target = 190273851D3F51F100A6E984 /* sampleSwitch */;
			targetProxy = 190273A61D3F51F100A6E984 /* PBXContainerItemProxy */;
		};
/* End PBXTargetDependency section */

/* Begin PBXVariantGroup section */
		1902738D1D3F51F100A6E984 /* Main.storyboard */ = {
			isa = PBXVariantGroup;
			children = (
				1902738E1D3F51F100A6E984 /* Base */,
			);
			name = Main.storyboard;
			sourceTree = "<group>";
		};
		190273921D3F51F100A6E984 /* LaunchScreen.storyboard */ = {
			isa = PBXVariantGroup;
			children = (
				190273931D3F51F100A6E984 /* Base */,
			);
			name = LaunchScreen.storyboard;
			sourceTree = "<group>";
		};
/* End PBXVariantGroup section */

/* Begin XCBuildConfiguration section */
		190273AC1D3F51F100A6E984 /* Debug */ = {
			isa = XCBuildConfiguration;
			buildSettings = {
				ALWAYS_SEARCH_USER_PATHS = NO;
				CLANG_ANALYZER_NONNULL = YES;
				CLANG_CXX_LANGUAGE_STANDARD = "gnu++0x";
				CLANG_CXX_LIBRARY = "libc++";
				CLANG_ENABLE_MODULES = YES;
				CLANG_ENABLE_OBJC_ARC = YES;
				CLANG_WARN_BOOL_CONVERSION = YES;
				CLANG_WARN_CONSTANT_CONVERSION = YES;
				CLANG_WARN_DIRECT_OBJC_ISA_USAGE = YES_ERROR;
				CLANG_WARN_EMPTY_BODY = YES;
				CLANG_WARN_ENUM_CONVERSION = YES;
				CLANG_WARN_INT_CONVERSION = YES;
				CLANG_WARN_OBJC_ROOT_CLASS = YES_ERROR;
				CLANG_WARN_UNREACHABLE_CODE = YES;
				CLANG_WARN__DUPLICATE_METHOD_MATCH = YES;
				"CODE_SIGN_IDENTITY[sdk=iphoneos*]" = "iPhone Developer";
				COPY_PHASE_STRIP = NO;
				DEBUG_INFORMATION_FORMAT = dwarf;
				ENABLE_STRICT_OBJC_MSGSEND = YES;
				ENABLE_TESTABILITY = YES;
				GCC_C_LANGUAGE_STANDARD = gnu99;
				GCC_DYNAMIC_NO_PIC = NO;
				GCC_NO_COMMON_BLOCKS = YES;
				GCC_OPTIMIZATION_LEVEL = 0;
				GCC_PREPROCESSOR_DEFINITIONS = (
					"DEBUG=1",
					"$(inherited)",
				);
				GCC_WARN_64_TO_32_BIT_CONVERSION = YES;
				GCC_WARN_ABOUT_RETURN_TYPE = YES_ERROR;
				GCC_WARN_UNDECLARED_SELECTOR = YES;
				GCC_WARN_UNINITIALIZED_AUTOS = YES_AGGRESSIVE;
				GCC_WARN_UNUSED_FUNCTION = YES;
				GCC_WARN_UNUSED_VARIABLE = YES;
				IPHONEOS_DEPLOYMENT_TARGET = 9.3;
				MTL_ENABLE_DEBUG_INFO = YES;
				ONLY_ACTIVE_ARCH = YES;
				SDKROOT = iphoneos;
				SWIFT_OPTIMIZATION_LEVEL = "-Onone";
				TARGETED_DEVICE_FAMILY = "1,2";
			};
			name = Debug;
		};
		190273AD1D3F51F100A6E984 /* Release */ = {
			isa = XCBuildConfiguration;
			buildSettings = {
				ALWAYS_SEARCH_USER_PATHS = NO;
				CLANG_ANALYZER_NONNULL = YES;
				CLANG_CXX_LANGUAGE_STANDARD = "gnu++0x";
				CLANG_CXX_LIBRARY = "libc++";
				CLANG_ENABLE_MODULES = YES;
				CLANG_ENABLE_OBJC_ARC = YES;
				CLANG_WARN_BOOL_CONVERSION = YES;
				CLANG_WARN_CONSTANT_CONVERSION = YES;
				CLANG_WARN_DIRECT_OBJC_ISA_USAGE = YES_ERROR;
				CLANG_WARN_EMPTY_BODY = YES;
				CLANG_WARN_ENUM_CONVERSION = YES;
				CLANG_WARN_INT_CONVERSION = YES;
				CLANG_WARN_OBJC_ROOT_CLASS = YES_ERROR;
				CLANG_WARN_UNREACHABLE_CODE = YES;
				CLANG_WARN__DUPLICATE_METHOD_MATCH = YES;
				"CODE_SIGN_IDENTITY[sdk=iphoneos*]" = "iPhone Developer";
				COPY_PHASE_STRIP = NO;
				DEBUG_INFORMATION_FORMAT = "dwarf-with-dsym";
				ENABLE_NS_ASSERTIONS = NO;
				ENABLE_STRICT_OBJC_MSGSEND = YES;
				GCC_C_LANGUAGE_STANDARD = gnu99;
				GCC_NO_COMMON_BLOCKS = YES;
				GCC_WARN_64_TO_32_BIT_CONVERSION = YES;
				GCC_WARN_ABOUT_RETURN_TYPE = YES_ERROR;
				GCC_WARN_UNDECLARED_SELECTOR = YES;
				GCC_WARN_UNINITIALIZED_AUTOS = YES_AGGRESSIVE;
				GCC_WARN_UNUSED_FUNCTION = YES;
				GCC_WARN_UNUSED_VARIABLE = YES;
				IPHONEOS_DEPLOYMENT_TARGET = 9.3;
				MTL_ENABLE_DEBUG_INFO = NO;
				SDKROOT = iphoneos;
				TARGETED_DEVICE_FAMILY = "1,2";
				VALIDATE_PRODUCT = YES;
			};
			name = Release;
		};
		190273AF1D3F51F100A6E984 /* Debug */ = {
			isa = XCBuildConfiguration;
			buildSettings = {
				ASSETCATALOG_COMPILER_APPICON_NAME = AppIcon;
				INFOPLIST_FILE = sampleSwitch/Info.plist;
				LD_RUNPATH_SEARCH_PATHS = "$(inherited) @executable_path/Frameworks";
				PRODUCT_BUNDLE_IDENTIFIER = com.erikoichinohe.sampleSwitch;
				PRODUCT_NAME = "$(TARGET_NAME)";
			};
			name = Debug;
		};
		190273B01D3F51F100A6E984 /* Release */ = {
			isa = XCBuildConfiguration;
			buildSettings = {
				ASSETCATALOG_COMPILER_APPICON_NAME = AppIcon;
				INFOPLIST_FILE = sampleSwitch/Info.plist;
				LD_RUNPATH_SEARCH_PATHS = "$(inherited) @executable_path/Frameworks";
				PRODUCT_BUNDLE_IDENTIFIER = com.erikoichinohe.sampleSwitch;
				PRODUCT_NAME = "$(TARGET_NAME)";
			};
			name = Release;
		};
		190273B21D3F51F100A6E984 /* Debug */ = {
			isa = XCBuildConfiguration;
			buildSettings = {
				BUNDLE_LOADER = "$(TEST_HOST)";
				INFOPLIST_FILE = sampleSwitchTests/Info.plist;
				LD_RUNPATH_SEARCH_PATHS = "$(inherited) @executable_path/Frameworks @loader_path/Frameworks";
				PRODUCT_BUNDLE_IDENTIFIER = com.erikoichinohe.sampleSwitchTests;
				PRODUCT_NAME = "$(TARGET_NAME)";
				TEST_HOST = "$(BUILT_PRODUCTS_DIR)/sampleSwitch.app/sampleSwitch";
			};
			name = Debug;
		};
		190273B31D3F51F100A6E984 /* Release */ = {
			isa = XCBuildConfiguration;
			buildSettings = {
				BUNDLE_LOADER = "$(TEST_HOST)";
				INFOPLIST_FILE = sampleSwitchTests/Info.plist;
				LD_RUNPATH_SEARCH_PATHS = "$(inherited) @executable_path/Frameworks @loader_path/Frameworks";
				PRODUCT_BUNDLE_IDENTIFIER = com.erikoichinohe.sampleSwitchTests;
				PRODUCT_NAME = "$(TARGET_NAME)";
				TEST_HOST = "$(BUILT_PRODUCTS_DIR)/sampleSwitch.app/sampleSwitch";
			};
			name = Release;
		};
		190273B51D3F51F100A6E984 /* Debug */ = {
			isa = XCBuildConfiguration;
			buildSettings = {
				INFOPLIST_FILE = sampleSwitchUITests/Info.plist;
				LD_RUNPATH_SEARCH_PATHS = "$(inherited) @executable_path/Frameworks @loader_path/Frameworks";
				PRODUCT_BUNDLE_IDENTIFIER = com.erikoichinohe.sampleSwitchUITests;
				PRODUCT_NAME = "$(TARGET_NAME)";
				TEST_TARGET_NAME = sampleSwitch;
			};
			name = Debug;
		};
		190273B61D3F51F100A6E984 /* Release */ = {
			isa = XCBuildConfiguration;
			buildSettings = {
				INFOPLIST_FILE = sampleSwitchUITests/Info.plist;
				LD_RUNPATH_SEARCH_PATHS = "$(inherited) @executable_path/Frameworks @loader_path/Frameworks";
				PRODUCT_BUNDLE_IDENTIFIER = com.erikoichinohe.sampleSwitchUITests;
				PRODUCT_NAME = "$(TARGET_NAME)";
				TEST_TARGET_NAME = sampleSwitch;
			};
			name = Release;
		};
/* End XCBuildConfiguration section */

/* Begin XCConfigurationList section */
		190273811D3F51F100A6E984 /* Build configuration list for PBXProject "sampleSwitch" */ = {
			isa = XCConfigurationList;
			buildConfigurations = (
				190273AC1D3F51F100A6E984 /* Debug */,
				190273AD1D3F51F100A6E984 /* Release */,
			);
			defaultConfigurationIsVisible = 0;
			defaultConfigurationName = Release;
		};
		190273AE1D3F51F100A6E984 /* Build configuration list for PBXNativeTarget "sampleSwitch" */ = {
			isa = XCConfigurationList;
			buildConfigurations = (
				190273AF1D3F51F100A6E984 /* Debug */,
				190273B01D3F51F100A6E984 /* Release */,
			);
			defaultConfigurationIsVisible = 0;
		};
		190273B11D3F51F100A6E984 /* Build configuration list for PBXNativeTarget "sampleSwitchTests" */ = {
			isa = XCConfigurationList;
			buildConfigurations = (
				190273B21D3F51F100A6E984 /* Debug */,
				190273B31D3F51F100A6E984 /* Release */,
			);
			defaultConfigurationIsVisible = 0;
		};
		190273B41D3F51F100A6E984 /* Build configuration list for PBXNativeTarget "sampleSwitchUITests" */ = {
			isa = XCConfigurationList;
			buildConfigurations = (
				190273B51D3F51F100A6E984 /* Debug */,
				190273B61D3F51F100A6E984 /* Release */,
			);
			defaultConfigurationIsVisible = 0;
		};
/* End XCConfigurationList section */
	};
	rootObject = 1902737E1D3F51F100A6E984 /* Project object */;
}
